// !$*UTF8*$!
{
	archiveVersion = 1;
	classes = {
	};
	objectVersion = 46;
	objects = {

/* Begin PBXBuildFile section */
		3224772A1A0556B3006A9F44 /* dsym_upload.sh in Resources */ = {isa = PBXBuildFile; fileRef = 322477281A0556B3006A9F44 /* dsym_upload.sh */; };
		3224772B1A0556B3006A9F44 /* libCrittercism_v4_3_1.a in Frameworks */ = {isa = PBXBuildFile; fileRef = 322477291A0556B3006A9F44 /* libCrittercism_v4_3_1.a */; };
		3224772D1A055710006A9F44 /* SystemConfiguration.framework in Frameworks */ = {isa = PBXBuildFile; fileRef = 3224772C1A055710006A9F44 /* SystemConfiguration.framework */; };
		327039251A05A04200F0FB8C /* CardMatchingGame.m in Sources */ = {isa = PBXBuildFile; fileRef = 327039241A05A04200F0FB8C /* CardMatchingGame.m */; };
		3298824D1A017C11005C184A /* main.m in Sources */ = {isa = PBXBuildFile; fileRef = 3298824C1A017C11005C184A /* main.m */; };
		329882501A017C11005C184A /* AppDelegate.m in Sources */ = {isa = PBXBuildFile; fileRef = 3298824F1A017C11005C184A /* AppDelegate.m */; };
		329882531A017C11005C184A /* ViewController.m in Sources */ = {isa = PBXBuildFile; fileRef = 329882521A017C11005C184A /* ViewController.m */; };
		329882561A017C11005C184A /* Main.storyboard in Resources */ = {isa = PBXBuildFile; fileRef = 329882541A017C11005C184A /* Main.storyboard */; };
		329882581A017C11005C184A /* Images.xcassets in Resources */ = {isa = PBXBuildFile; fileRef = 329882571A017C11005C184A /* Images.xcassets */; };
		3298825B1A017C11005C184A /* LaunchScreen.xib in Resources */ = {isa = PBXBuildFile; fileRef = 329882591A017C11005C184A /* LaunchScreen.xib */; };
		329882671A017C12005C184A /* MatchismoTests.m in Sources */ = {isa = PBXBuildFile; fileRef = 329882661A017C12005C184A /* MatchismoTests.m */; };
		3298827A1A01B597005C184A /* Card.m in Sources */ = {isa = PBXBuildFile; fileRef = 329882791A01B597005C184A /* Card.m */; };
		32B0930C1A05A29600B1E1AE /* PlayingCardDeck.m in Sources */ = {isa = PBXBuildFile; fileRef = 32B093081A05A29600B1E1AE /* PlayingCardDeck.m */; };
		32B0930D1A05A29600B1E1AE /* PlayingCard.m in Sources */ = {isa = PBXBuildFile; fileRef = 32B0930A1A05A29600B1E1AE /* PlayingCard.m */; };
		32B0930F1A05A2E700B1E1AE /* Deck.m in Sources */ = {isa = PBXBuildFile; fileRef = 32B0930E1A05A2E700B1E1AE /* Deck.m */; };
/* End PBXBuildFile section */

/* Begin PBXContainerItemProxy section */
		329882611A017C12005C184A /* PBXContainerItemProxy */ = {
			isa = PBXContainerItemProxy;
			containerPortal = 3298823F1A017C11005C184A /* Project object */;
			proxyType = 1;
			remoteGlobalIDString = 329882461A017C11005C184A;
			remoteInfo = Matchismo;
		};
/* End PBXContainerItemProxy section */

/* Begin PBXFileReference section */
		322477251A0556B3006A9F44 /* CRFilter.h */ = {isa = PBXFileReference; fileEncoding = 4; lastKnownFileType = sourcecode.c.h; path = CRFilter.h; sourceTree = "<group>"; };
		322477261A0556B3006A9F44 /* Crittercism.h */ = {isa = PBXFileReference; fileEncoding = 4; lastKnownFileType = sourcecode.c.h; path = Crittercism.h; sourceTree = "<group>"; };
		322477271A0556B3006A9F44 /* CrittercismDelegate.h */ = {isa = PBXFileReference; fileEncoding = 4; lastKnownFileType = sourcecode.c.h; path = CrittercismDelegate.h; sourceTree = "<group>"; };
		322477281A0556B3006A9F44 /* dsym_upload.sh */ = {isa = PBXFileReference; fileEncoding = 4; lastKnownFileType = text.script.sh; path = dsym_upload.sh; sourceTree = "<group>"; };
		322477291A0556B3006A9F44 /* libCrittercism_v4_3_1.a */ = {isa = PBXFileReference; lastKnownFileType = archive.ar; path = libCrittercism_v4_3_1.a; sourceTree = "<group>"; };
		3224772C1A055710006A9F44 /* SystemConfiguration.framework */ = {isa = PBXFileReference; lastKnownFileType = wrapper.framework; name = SystemConfiguration.framework; path = System/Library/Frameworks/SystemConfiguration.framework; sourceTree = SDKROOT; };
		327039231A05A04200F0FB8C /* CardMatchingGame.h */ = {isa = PBXFileReference; fileEncoding = 4; lastKnownFileType = sourcecode.c.h; name = CardMatchingGame.h; path = ../Model/CardMatchingGame.h; sourceTree = "<group>"; };
		327039241A05A04200F0FB8C /* CardMatchingGame.m */ = {isa = PBXFileReference; fileEncoding = 4; lastKnownFileType = sourcecode.c.objc; name = CardMatchingGame.m; path = ../Model/CardMatchingGame.m; sourceTree = "<group>"; };
		329882471A017C11005C184A /* Matchismon 2.app */ = {isa = PBXFileReference; explicitFileType = wrapper.application; includeInIndex = 0; path = "Matchismon 2.app"; sourceTree = BUILT_PRODUCTS_DIR; };
		3298824B1A017C11005C184A /* Info.plist */ = {isa = PBXFileReference; lastKnownFileType = text.plist.xml; path = Info.plist; sourceTree = "<group>"; };
		3298824C1A017C11005C184A /* main.m */ = {isa = PBXFileReference; lastKnownFileType = sourcecode.c.objc; path = main.m; sourceTree = "<group>"; };
		3298824E1A017C11005C184A /* AppDelegate.h */ = {isa = PBXFileReference; lastKnownFileType = sourcecode.c.h; path = AppDelegate.h; sourceTree = "<group>"; };
		3298824F1A017C11005C184A /* AppDelegate.m */ = {isa = PBXFileReference; lastKnownFileType = sourcecode.c.objc; path = AppDelegate.m; sourceTree = "<group>"; };
		329882511A017C11005C184A /* ViewController.h */ = {isa = PBXFileReference; lastKnownFileType = sourcecode.c.h; path = ViewController.h; sourceTree = "<group>"; };
		329882521A017C11005C184A /* ViewController.m */ = {isa = PBXFileReference; lastKnownFileType = sourcecode.c.objc; path = ViewController.m; sourceTree = "<group>"; };
		329882551A017C11005C184A /* Base */ = {isa = PBXFileReference; lastKnownFileType = file.storyboard; name = Base; path = Base.lproj/Main.storyboard; sourceTree = "<group>"; };
		329882571A017C11005C184A /* Images.xcassets */ = {isa = PBXFileReference; lastKnownFileType = folder.assetcatalog; path = Images.xcassets; sourceTree = "<group>"; };
		3298825A1A017C11005C184A /* Base */ = {isa = PBXFileReference; lastKnownFileType = file.xib; name = Base; path = Base.lproj/LaunchScreen.xib; sourceTree = "<group>"; };
		329882601A017C12005C184A /* MatchismoTests.xctest */ = {isa = PBXFileReference; explicitFileType = wrapper.cfbundle; includeInIndex = 0; path = MatchismoTests.xctest; sourceTree = BUILT_PRODUCTS_DIR; };
		329882651A017C12005C184A /* Info.plist */ = {isa = PBXFileReference; lastKnownFileType = text.plist.xml; path = Info.plist; sourceTree = "<group>"; };
		329882661A017C12005C184A /* MatchismoTests.m */ = {isa = PBXFileReference; lastKnownFileType = sourcecode.c.objc; path = MatchismoTests.m; sourceTree = "<group>"; };
		329882781A01B597005C184A /* Card.h */ = {isa = PBXFileReference; fileEncoding = 4; lastKnownFileType = sourcecode.c.h; name = Card.h; path = ../Model/Card.h; sourceTree = "<group>"; };
		329882791A01B597005C184A /* Card.m */ = {isa = PBXFileReference; fileEncoding = 4; lastKnownFileType = sourcecode.c.objc; name = Card.m; path = ../Model/Card.m; sourceTree = "<group>"; };
		32B093081A05A29600B1E1AE /* PlayingCardDeck.m */ = {isa = PBXFileReference; fileEncoding = 4; lastKnownFileType = sourcecode.c.objc; name = PlayingCardDeck.m; path = ../Model/PlayingCardDeck.m; sourceTree = "<group>"; };
		32B093091A05A29600B1E1AE /* PlayingCardDeck.h */ = {isa = PBXFileReference; fileEncoding = 4; lastKnownFileType = sourcecode.c.h; name = PlayingCardDeck.h; path = ../Model/PlayingCardDeck.h; sourceTree = "<group>"; };
		32B0930A1A05A29600B1E1AE /* PlayingCard.m */ = {isa = PBXFileReference; fileEncoding = 4; lastKnownFileType = sourcecode.c.objc; name = PlayingCard.m; path = ../Model/PlayingCard.m; sourceTree = "<group>"; };
		32B0930B1A05A29600B1E1AE /* PlayingCard.h */ = {isa = PBXFileReference; fileEncoding = 4; lastKnownFileType = sourcecode.c.h; name = PlayingCard.h; path = ../Model/PlayingCard.h; sourceTree = "<group>"; };
		32B0930E1A05A2E700B1E1AE /* Deck.m */ = {isa = PBXFileReference; fileEncoding = 4; lastKnownFileType = sourcecode.c.objc; name = Deck.m; path = ../Model/Deck.m; sourceTree = "<group>"; };
		32B093101A05A2F400B1E1AE /* Deck.h */ = {isa = PBXFileReference; fileEncoding = 4; lastKnownFileType = sourcecode.c.h; name = Deck.h; path = ../Model/Deck.h; sourceTree = "<group>"; };
/* End PBXFileReference section */

/* Begin PBXFrameworksBuildPhase section */
		329882441A017C11005C184A /* Frameworks */ = {
			isa = PBXFrameworksBuildPhase;
			buildActionMask = 2147483647;
			files = (
				3224772D1A055710006A9F44 /* SystemConfiguration.framework in Frameworks */,
				3224772B1A0556B3006A9F44 /* libCrittercism_v4_3_1.a in Frameworks */,
			);
			runOnlyForDeploymentPostprocessing = 0;
		};
		3298825D1A017C12005C184A /* Frameworks */ = {
			isa = PBXFrameworksBuildPhase;
			buildActionMask = 2147483647;
			files = (
			);
			runOnlyForDeploymentPostprocessing = 0;
		};
/* End PBXFrameworksBuildPhase section */

/* Begin PBXGroup section */
		322477241A0556B3006A9F44 /* CrittercismSDK */ = {
			isa = PBXGroup;
			children = (
				322477251A0556B3006A9F44 /* CRFilter.h */,
				322477261A0556B3006A9F44 /* Crittercism.h */,
				322477271A0556B3006A9F44 /* CrittercismDelegate.h */,
				322477281A0556B3006A9F44 /* dsym_upload.sh */,
				322477291A0556B3006A9F44 /* libCrittercism_v4_3_1.a */,
			);
			path = CrittercismSDK;
			sourceTree = "<group>";
		};
		3298823E1A017C11005C184A = {
			isa = PBXGroup;
			children = (
				3224772C1A055710006A9F44 /* SystemConfiguration.framework */,
				322477241A0556B3006A9F44 /* CrittercismSDK */,
				329882491A017C11005C184A /* Matchismo */,
				329882631A017C12005C184A /* MatchismoTests */,
				329882481A017C11005C184A /* Products */,
			);
			sourceTree = "<group>";
		};
		329882481A017C11005C184A /* Products */ = {
			isa = PBXGroup;
			children = (
				329882471A017C11005C184A /* Matchismon 2.app */,
				329882601A017C12005C184A /* MatchismoTests.xctest */,
			);
			name = Products;
			sourceTree = "<group>";
		};
		329882491A017C11005C184A /* Matchismo */ = {
			isa = PBXGroup;
			children = (
				329882741A01AD21005C184A /* Model */,
				329882511A017C11005C184A /* ViewController.h */,
				329882521A017C11005C184A /* ViewController.m */,
				329882541A017C11005C184A /* Main.storyboard */,
				329882571A017C11005C184A /* Images.xcassets */,
				329882591A017C11005C184A /* LaunchScreen.xib */,
				3298824A1A017C11005C184A /* Supporting Files */,
			);
			path = Matchismo;
			sourceTree = "<group>";
		};
		3298824A1A017C11005C184A /* Supporting Files */ = {
			isa = PBXGroup;
			children = (
				3298824E1A017C11005C184A /* AppDelegate.h */,
				3298824F1A017C11005C184A /* AppDelegate.m */,
				3298824B1A017C11005C184A /* Info.plist */,
				3298824C1A017C11005C184A /* main.m */,
			);
			name = "Supporting Files";
			sourceTree = "<group>";
		};
		329882631A017C12005C184A /* MatchismoTests */ = {
			isa = PBXGroup;
			children = (
				329882661A017C12005C184A /* MatchismoTests.m */,
				329882641A017C12005C184A /* Supporting Files */,
			);
			path = MatchismoTests;
			sourceTree = "<group>";
		};
		329882641A017C12005C184A /* Supporting Files */ = {
			isa = PBXGroup;
			children = (
				329882651A017C12005C184A /* Info.plist */,
			);
			name = "Supporting Files";
			sourceTree = "<group>";
		};
		329882741A01AD21005C184A /* Model */ = {
			isa = PBXGroup;
			children = (
				32B093101A05A2F400B1E1AE /* Deck.h */,
				32B0930E1A05A2E700B1E1AE /* Deck.m */,
				32B093081A05A29600B1E1AE /* PlayingCardDeck.m */,
				32B093091A05A29600B1E1AE /* PlayingCardDeck.h */,
				32B0930A1A05A29600B1E1AE /* PlayingCard.m */,
				32B0930B1A05A29600B1E1AE /* PlayingCard.h */,
				329882781A01B597005C184A /* Card.h */,
				327039231A05A04200F0FB8C /* CardMatchingGame.h */,
				327039241A05A04200F0FB8C /* CardMatchingGame.m */,
				329882791A01B597005C184A /* Card.m */,
			);
			name = Model;
			sourceTree = "<group>";
		};
/* End PBXGroup section */

/* Begin PBXNativeTarget section */
		329882461A017C11005C184A /* Matchismon 2 */ = {
			isa = PBXNativeTarget;
			buildConfigurationList = 3298826A1A017C12005C184A /* Build configuration list for PBXNativeTarget "Matchismon 2" */;
			buildPhases = (
				329882431A017C11005C184A /* Sources */,
				329882441A017C11005C184A /* Frameworks */,
				329882451A017C11005C184A /* Resources */,
				322477231A05557C006A9F44 /* ShellScript */,
			);
			buildRules = (
			);
			dependencies = (
			);
			name = "Matchismon 2";
			productName = Matchismo;
			productReference = 329882471A017C11005C184A /* Matchismon 2.app */;
			productType = "com.apple.product-type.application";
		};
		3298825F1A017C12005C184A /* MatchismoTests */ = {
			isa = PBXNativeTarget;
			buildConfigurationList = 3298826D1A017C12005C184A /* Build configuration list for PBXNativeTarget "MatchismoTests" */;
			buildPhases = (
				3298825C1A017C12005C184A /* Sources */,
				3298825D1A017C12005C184A /* Frameworks */,
				3298825E1A017C12005C184A /* Resources */,
			);
			buildRules = (
			);
			dependencies = (
				329882621A017C12005C184A /* PBXTargetDependency */,
			);
			name = MatchismoTests;
			productName = MatchismoTests;
			productReference = 329882601A017C12005C184A /* MatchismoTests.xctest */;
			productType = "com.apple.product-type.bundle.unit-test";
		};
/* End PBXNativeTarget section */

/* Begin PBXProject section */
		3298823F1A017C11005C184A /* Project object */ = {
			isa = PBXProject;
			attributes = {
				LastUpgradeCheck = 0610;
				ORGANIZATIONNAME = "Sanjay Bhatia";
				TargetAttributes = {
					329882461A017C11005C184A = {
						CreatedOnToolsVersion = 6.1;
					};
					3298825F1A017C12005C184A = {
						CreatedOnToolsVersion = 6.1;
						TestTargetID = 329882461A017C11005C184A;
					};
				};
			};
			buildConfigurationList = 329882421A017C11005C184A /* Build configuration list for PBXProject "Matchismo" */;
			compatibilityVersion = "Xcode 3.2";
			developmentRegion = English;
			hasScannedForEncodings = 0;
			knownRegions = (
				en,
				Base,
			);
			mainGroup = 3298823E1A017C11005C184A;
			productRefGroup = 329882481A017C11005C184A /* Products */;
			projectDirPath = "";
			projectRoot = "";
			targets = (
				329882461A017C11005C184A /* Matchismon 2 */,
				3298825F1A017C12005C184A /* MatchismoTests */,
			);
		};
/* End PBXProject section */

/* Begin PBXResourcesBuildPhase section */
		329882451A017C11005C184A /* Resources */ = {
			isa = PBXResourcesBuildPhase;
			buildActionMask = 2147483647;
			files = (
				329882561A017C11005C184A /* Main.storyboard in Resources */,
				3224772A1A0556B3006A9F44 /* dsym_upload.sh in Resources */,
				3298825B1A017C11005C184A /* LaunchScreen.xib in Resources */,
				329882581A017C11005C184A /* Images.xcassets in Resources */,
			);
			runOnlyForDeploymentPostprocessing = 0;
		};
		3298825E1A017C12005C184A /* Resources */ = {
			isa = PBXResourcesBuildPhase;
			buildActionMask = 2147483647;
			files = (
			);
			runOnlyForDeploymentPostprocessing = 0;
		};
/* End PBXResourcesBuildPhase section */

/* Begin PBXShellScriptBuildPhase section */
		322477231A05557C006A9F44 /* ShellScript */ = {
			isa = PBXShellScriptBuildPhase;
			buildActionMask = 8;
			files = (
			);
			inputPaths = (
			);
			outputPaths = (
			);
			runOnlyForDeploymentPostprocessing = 1;
			shellPath = /bin/sh;
			shellScript = "APP_ID=\"54551dc41787841e66000002\"\nAPI_KEY=\"CSC5hONPZ8PxGTtL8F4xNl0nnKVqC5vF\"\nsource \"${SRCROOT}\"/CrittercismSDK/dsym_upload.sh";
		};
/* End PBXShellScriptBuildPhase section */

/* Begin PBXSourcesBuildPhase section */
		329882431A017C11005C184A /* Sources */ = {
			isa = PBXSourcesBuildPhase;
			buildActionMask = 2147483647;
			files = (
				32B0930F1A05A2E700B1E1AE /* Deck.m in Sources */,
				329882531A017C11005C184A /* ViewController.m in Sources */,
				32B0930C1A05A29600B1E1AE /* PlayingCardDeck.m in Sources */,
				329882501A017C11005C184A /* AppDelegate.m in Sources */,
				327039251A05A04200F0FB8C /* CardMatchingGame.m in Sources */,
				3298824D1A017C11005C184A /* main.m in Sources */,
				32B0930D1A05A29600B1E1AE /* PlayingCard.m in Sources */,
				3298827A1A01B597005C184A /* Card.m in Sources */,
			);
			runOnlyForDeploymentPostprocessing = 0;
		};
		3298825C1A017C12005C184A /* Sources */ = {
			isa = PBXSourcesBuildPhase;
			buildActionMask = 2147483647;
			files = (
				329882671A017C12005C184A /* MatchismoTests.m in Sources */,
			);
			runOnlyForDeploymentPostprocessing = 0;
		};
/* End PBXSourcesBuildPhase section */

/* Begin PBXTargetDependency section */
		329882621A017C12005C184A /* PBXTargetDependency */ = {
			isa = PBXTargetDependency;
			target = 329882461A017C11005C184A /* Matchismon 2 */;
			targetProxy = 329882611A017C12005C184A /* PBXContainerItemProxy */;
		};
/* End PBXTargetDependency section */

/* Begin PBXVariantGroup section */
		329882541A017C11005C184A /* Main.storyboard */ = {
			isa = PBXVariantGroup;
			children = (
				329882551A017C11005C184A /* Base */,
			);
			name = Main.storyboard;
			sourceTree = "<group>";
		};
		329882591A017C11005C184A /* LaunchScreen.xib */ = {
			isa = PBXVariantGroup;
			children = (
				3298825A1A017C11005C184A /* Base */,
			);
			name = LaunchScreen.xib;
			sourceTree = "<group>";
		};
/* End PBXVariantGroup section */

/* Begin XCBuildConfiguration section */
		329882681A017C12005C184A /* Debug */ = {
			isa = XCBuildConfiguration;
			buildSettings = {
				ALWAYS_SEARCH_USER_PATHS = NO;
				CLANG_CXX_LANGUAGE_STANDARD = "gnu++0x";
				CLANG_CXX_LIBRARY = "libc++";
				CLANG_ENABLE_MODULES = YES;
				CLANG_ENABLE_OBJC_ARC = YES;
				CLANG_WARN_BOOL_CONVERSION = YES;
				CLANG_WARN_CONSTANT_CONVERSION = YES;
				CLANG_WARN_DIRECT_OBJC_ISA_USAGE = YES_ERROR;
				CLANG_WARN_EMPTY_BODY = YES;
				CLANG_WARN_ENUM_CONVERSION = YES;
				CLANG_WARN_INT_CONVERSION = YES;
				CLANG_WARN_OBJC_ROOT_CLASS = YES_ERROR;
				CLANG_WARN_UNREACHABLE_CODE = YES;
				CLANG_WARN__DUPLICATE_METHOD_MATCH = YES;
				"CODE_SIGN_IDENTITY[sdk=iphoneos*]" = "iPhone Developer";
				COPY_PHASE_STRIP = NO;
				ENABLE_STRICT_OBJC_MSGSEND = YES;
				GCC_C_LANGUAGE_STANDARD = gnu99;
				GCC_DYNAMIC_NO_PIC = NO;
				GCC_OPTIMIZATION_LEVEL = 0;
				GCC_PREPROCESSOR_DEFINITIONS = (
					"DEBUG=1",
					"$(inherited)",
				);
				GCC_SYMBOLS_PRIVATE_EXTERN = NO;
				GCC_WARN_64_TO_32_BIT_CONVERSION = YES;
				GCC_WARN_ABOUT_RETURN_TYPE = YES_ERROR;
				GCC_WARN_UNDECLARED_SELECTOR = YES;
				GCC_WARN_UNINITIALIZED_AUTOS = YES_AGGRESSIVE;
				GCC_WARN_UNUSED_FUNCTION = YES;
				GCC_WARN_UNUSED_VARIABLE = YES;
				IPHONEOS_DEPLOYMENT_TARGET = 8.1;
				MTL_ENABLE_DEBUG_INFO = YES;
				ONLY_ACTIVE_ARCH = YES;
				SDKROOT = iphoneos;
			};
			name = Debug;
		};
		329882691A017C12005C184A /* Release */ = {
			isa = XCBuildConfiguration;
			buildSettings = {
				ALWAYS_SEARCH_USER_PATHS = NO;
				CLANG_CXX_LANGUAGE_STANDARD = "gnu++0x";
				CLANG_CXX_LIBRARY = "libc++";
				CLANG_ENABLE_MODULES = YES;
				CLANG_ENABLE_OBJC_ARC = YES;
				CLANG_WARN_BOOL_CONVERSION = YES;
				CLANG_WARN_CONSTANT_CONVERSION = YES;
				CLANG_WARN_DIRECT_OBJC_ISA_USAGE = YES_ERROR;
				CLANG_WARN_EMPTY_BODY = YES;
				CLANG_WARN_ENUM_CONVERSION = YES;
				CLANG_WARN_INT_CONVERSION = YES;
				CLANG_WARN_OBJC_ROOT_CLASS = YES_ERROR;
				CLANG_WARN_UNREACHABLE_CODE = YES;
				CLANG_WARN__DUPLICATE_METHOD_MATCH = YES;
				"CODE_SIGN_IDENTITY[sdk=iphoneos*]" = "iPhone Developer";
				COPY_PHASE_STRIP = YES;
				ENABLE_NS_ASSERTIONS = NO;
				ENABLE_STRICT_OBJC_MSGSEND = YES;
				GCC_C_LANGUAGE_STANDARD = gnu99;
				GCC_WARN_64_TO_32_BIT_CONVERSION = YES;
				GCC_WARN_ABOUT_RETURN_TYPE = YES_ERROR;
				GCC_WARN_UNDECLARED_SELECTOR = YES;
				GCC_WARN_UNINITIALIZED_AUTOS = YES_AGGRESSIVE;
				GCC_WARN_UNUSED_FUNCTION = YES;
				GCC_WARN_UNUSED_VARIABLE = YES;
				IPHONEOS_DEPLOYMENT_TARGET = 8.1;
				MTL_ENABLE_DEBUG_INFO = NO;
				SDKROOT = iphoneos;
				VALIDATE_PRODUCT = YES;
			};
			name = Release;
		};
		3298826B1A017C12005C184A /* Debug */ = {
			isa = XCBuildConfiguration;
			buildSettings = {
				ASSETCATALOG_COMPILER_APPICON_NAME = AppIcon;
				INFOPLIST_FILE = Matchismo/Info.plist;
				IPHONEOS_DEPLOYMENT_TARGET = 8.1;
				LD_RUNPATH_SEARCH_PATHS = "$(inherited) @executable_path/Frameworks";
				LIBRARY_SEARCH_PATHS = (
					"$(inherited)",
					"$(PROJECT_DIR)/CrittercismSDK",
				);
				PRODUCT_NAME = "$(TARGET_NAME)";
				TARGETED_DEVICE_FAMILY = 1;
			};
			name = Debug;
		};
		3298826C1A017C12005C184A /* Release */ = {
			isa = XCBuildConfiguration;
			buildSettings = {
				ASSETCATALOG_COMPILER_APPICON_NAME = AppIcon;
				INFOPLIST_FILE = Matchismo/Info.plist;
				IPHONEOS_DEPLOYMENT_TARGET = 8.1;
				LD_RUNPATH_SEARCH_PATHS = "$(inherited) @executable_path/Frameworks";
				LIBRARY_SEARCH_PATHS = (
					"$(inherited)",
					"$(PROJECT_DIR)/CrittercismSDK",
				);
				PRODUCT_NAME = "$(TARGET_NAME)";
				TARGETED_DEVICE_FAMILY = 1;
			};
			name = Release;
		};
		3298826E1A017C12005C184A /* Debug */ = {
			isa = XCBuildConfiguration;
			buildSettings = {
				BUNDLE_LOADER = "$(TEST_HOST)";
				FRAMEWORK_SEARCH_PATHS = (
					"$(SDKROOT)/Developer/Library/Frameworks",
					"$(inherited)",
				);
				GCC_PREPROCESSOR_DEFINITIONS = (
					"DEBUG=1",
					"$(inherited)",
				);
				INFOPLIST_FILE = MatchismoTests/Info.plist;
				LD_RUNPATH_SEARCH_PATHS = "$(inherited) @executable_path/Frameworks @loader_path/Frameworks";
				PRODUCT_NAME = "$(TARGET_NAME)";
				TEST_HOST = "$(BUILT_PRODUCTS_DIR)/Matchismo.app/Matchismo";
			};
			name = Debug;
		};
		3298826F1A017C12005C184A /* Release */ = {
			isa = XCBuildConfiguration;
			buildSettings = {
				BUNDLE_LOADER = "$(TEST_HOST)";
				FRAMEWORK_SEARCH_PATHS = (
					"$(SDKROOT)/Developer/Library/Frameworks",
					"$(inherited)",
				);
				INFOPLIST_FILE = MatchismoTests/Info.plist;
				LD_RUNPATH_SEARCH_PATHS = "$(inherited) @executable_path/Frameworks @loader_path/Frameworks";
				PRODUCT_NAME = "$(TARGET_NAME)";
				TEST_HOST = "$(BUILT_PRODUCTS_DIR)/Matchismo.app/Matchismo";
			};
			name = Release;
		};
/* End XCBuildConfiguration section */

/* Begin XCConfigurationList section */
		329882421A017C11005C184A /* Build configuration list for PBXProject "Matchismo" */ = {
			isa = XCConfigurationList;
			buildConfigurations = (
				329882681A017C12005C184A /* Debug */,
				329882691A017C12005C184A /* Release */,
			);
			defaultConfigurationIsVisible = 0;
			defaultConfigurationName = Release;
		};
		3298826A1A017C12005C184A /* Build configuration list for PBXNativeTarget "Matchismon 2" */ = {
			isa = XCConfigurationList;
			buildConfigurations = (
				3298826B1A017C12005C184A /* Debug */,
				3298826C1A017C12005C184A /* Release */,
			);
			defaultConfigurationIsVisible = 0;
			defaultConfigurationName = Release;
		};
		3298826D1A017C12005C184A /* Build configuration list for PBXNativeTarget "MatchismoTests" */ = {
			isa = XCConfigurationList;
			buildConfigurations = (
				3298826E1A017C12005C184A /* Debug */,
				3298826F1A017C12005C184A /* Release */,
			);
			defaultConfigurationIsVisible = 0;
			defaultConfigurationName = Release;
		};
/* End XCConfigurationList section */
	};
	rootObject = 3298823F1A017C11005C184A /* Project object */;
}
