// !$*UTF8*$!
{
	archiveVersion = 1;
	classes = {
	};
	objectVersion = 46;
	objects = {

/* Begin PBXBuildFile section */
		3283DC5A1A19809D00330F3C /* main.m in Sources */ = {isa = PBXBuildFile; fileRef = 3283DC591A19809D00330F3C /* main.m */; };
		3283DC5D1A19809D00330F3C /* AppDelegate.m in Sources */ = {isa = PBXBuildFile; fileRef = 3283DC5C1A19809D00330F3C /* AppDelegate.m */; };
		3283DC601A19809D00330F3C /* ViewController.m in Sources */ = {isa = PBXBuildFile; fileRef = 3283DC5F1A19809D00330F3C /* ViewController.m */; };
		3283DC631A19809D00330F3C /* Main.storyboard in Resources */ = {isa = PBXBuildFile; fileRef = 3283DC611A19809D00330F3C /* Main.storyboard */; };
		3283DC651A19809D00330F3C /* Images.xcassets in Resources */ = {isa = PBXBuildFile; fileRef = 3283DC641A19809D00330F3C /* Images.xcassets */; };
		3283DC681A19809D00330F3C /* LaunchScreen.xib in Resources */ = {isa = PBXBuildFile; fileRef = 3283DC661A19809D00330F3C /* LaunchScreen.xib */; };
		3283DC741A19809D00330F3C /* AttributorTests.m in Sources */ = {isa = PBXBuildFile; fileRef = 3283DC731A19809D00330F3C /* AttributorTests.m */; };
/* End PBXBuildFile section */

/* Begin PBXContainerItemProxy section */
		3283DC6E1A19809D00330F3C /* PBXContainerItemProxy */ = {
			isa = PBXContainerItemProxy;
			containerPortal = 3283DC4C1A19809D00330F3C /* Project object */;
			proxyType = 1;
			remoteGlobalIDString = 3283DC531A19809D00330F3C;
			remoteInfo = Attributor;
		};
/* End PBXContainerItemProxy section */

/* Begin PBXFileReference section */
		3283DC541A19809D00330F3C /* Attributor.app */ = {isa = PBXFileReference; explicitFileType = wrapper.application; includeInIndex = 0; path = Attributor.app; sourceTree = BUILT_PRODUCTS_DIR; };
		3283DC581A19809D00330F3C /* Info.plist */ = {isa = PBXFileReference; lastKnownFileType = text.plist.xml; path = Info.plist; sourceTree = "<group>"; };
		3283DC591A19809D00330F3C /* main.m */ = {isa = PBXFileReference; lastKnownFileType = sourcecode.c.objc; path = main.m; sourceTree = "<group>"; };
		3283DC5B1A19809D00330F3C /* AppDelegate.h */ = {isa = PBXFileReference; lastKnownFileType = sourcecode.c.h; path = AppDelegate.h; sourceTree = "<group>"; };
		3283DC5C1A19809D00330F3C /* AppDelegate.m */ = {isa = PBXFileReference; lastKnownFileType = sourcecode.c.objc; path = AppDelegate.m; sourceTree = "<group>"; };
		3283DC5E1A19809D00330F3C /* ViewController.h */ = {isa = PBXFileReference; lastKnownFileType = sourcecode.c.h; path = ViewController.h; sourceTree = "<group>"; };
		3283DC5F1A19809D00330F3C /* ViewController.m */ = {isa = PBXFileReference; lastKnownFileType = sourcecode.c.objc; path = ViewController.m; sourceTree = "<group>"; };
		3283DC621A19809D00330F3C /* Base */ = {isa = PBXFileReference; lastKnownFileType = file.storyboard; name = Base; path = Base.lproj/Main.storyboard; sourceTree = "<group>"; };
		3283DC641A19809D00330F3C /* Images.xcassets */ = {isa = PBXFileReference; lastKnownFileType = folder.assetcatalog; path = Images.xcassets; sourceTree = "<group>"; };
		3283DC671A19809D00330F3C /* Base */ = {isa = PBXFileReference; lastKnownFileType = file.xib; name = Base; path = Base.lproj/LaunchScreen.xib; sourceTree = "<group>"; };
		3283DC6D1A19809D00330F3C /* AttributorTests.xctest */ = {isa = PBXFileReference; explicitFileType = wrapper.cfbundle; includeInIndex = 0; path = AttributorTests.xctest; sourceTree = BUILT_PRODUCTS_DIR; };
		3283DC721A19809D00330F3C /* Info.plist */ = {isa = PBXFileReference; lastKnownFileType = text.plist.xml; path = Info.plist; sourceTree = "<group>"; };
		3283DC731A19809D00330F3C /* AttributorTests.m */ = {isa = PBXFileReference; lastKnownFileType = sourcecode.c.objc; path = AttributorTests.m; sourceTree = "<group>"; };
/* End PBXFileReference section */

/* Begin PBXFrameworksBuildPhase section */
		3283DC511A19809D00330F3C /* Frameworks */ = {
			isa = PBXFrameworksBuildPhase;
			buildActionMask = 2147483647;
			files = (
			);
			runOnlyForDeploymentPostprocessing = 0;
		};
		3283DC6A1A19809D00330F3C /* Frameworks */ = {
			isa = PBXFrameworksBuildPhase;
			buildActionMask = 2147483647;
			files = (
			);
			runOnlyForDeploymentPostprocessing = 0;
		};
/* End PBXFrameworksBuildPhase section */

/* Begin PBXGroup section */
		3283DC4B1A19809D00330F3C = {
			isa = PBXGroup;
			children = (
				3283DC561A19809D00330F3C /* Attributor */,
				3283DC701A19809D00330F3C /* AttributorTests */,
				3283DC551A19809D00330F3C /* Products */,
			);
			sourceTree = "<group>";
		};
		3283DC551A19809D00330F3C /* Products */ = {
			isa = PBXGroup;
			children = (
				3283DC541A19809D00330F3C /* Attributor.app */,
				3283DC6D1A19809D00330F3C /* AttributorTests.xctest */,
			);
			name = Products;
			sourceTree = "<group>";
		};
		3283DC561A19809D00330F3C /* Attributor */ = {
			isa = PBXGroup;
			children = (
				3283DC5B1A19809D00330F3C /* AppDelegate.h */,
				3283DC5C1A19809D00330F3C /* AppDelegate.m */,
				3283DC5E1A19809D00330F3C /* ViewController.h */,
				3283DC5F1A19809D00330F3C /* ViewController.m */,
				3283DC611A19809D00330F3C /* Main.storyboard */,
				3283DC641A19809D00330F3C /* Images.xcassets */,
				3283DC661A19809D00330F3C /* LaunchScreen.xib */,
				3283DC571A19809D00330F3C /* Supporting Files */,
			);
			path = Attributor;
			sourceTree = "<group>";
		};
		3283DC571A19809D00330F3C /* Supporting Files */ = {
			isa = PBXGroup;
			children = (
				3283DC581A19809D00330F3C /* Info.plist */,
				3283DC591A19809D00330F3C /* main.m */,
			);
			name = "Supporting Files";
			sourceTree = "<group>";
		};
		3283DC701A19809D00330F3C /* AttributorTests */ = {
			isa = PBXGroup;
			children = (
				3283DC731A19809D00330F3C /* AttributorTests.m */,
				3283DC711A19809D00330F3C /* Supporting Files */,
			);
			path = AttributorTests;
			sourceTree = "<group>";
		};
		3283DC711A19809D00330F3C /* Supporting Files */ = {
			isa = PBXGroup;
			children = (
				3283DC721A19809D00330F3C /* Info.plist */,
			);
			name = "Supporting Files";
			sourceTree = "<group>";
		};
/* End PBXGroup section */

/* Begin PBXNativeTarget section */
		3283DC531A19809D00330F3C /* Attributor */ = {
			isa = PBXNativeTarget;
			buildConfigurationList = 3283DC771A19809D00330F3C /* Build configuration list for PBXNativeTarget "Attributor" */;
			buildPhases = (
				3283DC501A19809D00330F3C /* Sources */,
				3283DC511A19809D00330F3C /* Frameworks */,
				3283DC521A19809D00330F3C /* Resources */,
			);
			buildRules = (
			);
			dependencies = (
			);
			name = Attributor;
			productName = Attributor;
			productReference = 3283DC541A19809D00330F3C /* Attributor.app */;
			productType = "com.apple.product-type.application";
		};
		3283DC6C1A19809D00330F3C /* AttributorTests */ = {
			isa = PBXNativeTarget;
			buildConfigurationList = 3283DC7A1A19809D00330F3C /* Build configuration list for PBXNativeTarget "AttributorTests" */;
			buildPhases = (
				3283DC691A19809D00330F3C /* Sources */,
				3283DC6A1A19809D00330F3C /* Frameworks */,
				3283DC6B1A19809D00330F3C /* Resources */,
			);
			buildRules = (
			);
			dependencies = (
				3283DC6F1A19809D00330F3C /* PBXTargetDependency */,
			);
			name = AttributorTests;
			productName = AttributorTests;
			productReference = 3283DC6D1A19809D00330F3C /* AttributorTests.xctest */;
			productType = "com.apple.product-type.bundle.unit-test";
		};
/* End PBXNativeTarget section */

/* Begin PBXProject section */
		3283DC4C1A19809D00330F3C /* Project object */ = {
			isa = PBXProject;
			attributes = {
				LastUpgradeCheck = 0610;
				ORGANIZATIONNAME = "Sanjay Bhatia";
				TargetAttributes = {
					3283DC531A19809D00330F3C = {
						CreatedOnToolsVersion = 6.1;
					};
					3283DC6C1A19809D00330F3C = {
						CreatedOnToolsVersion = 6.1;
						TestTargetID = 3283DC531A19809D00330F3C;
					};
				};
			};
			buildConfigurationList = 3283DC4F1A19809D00330F3C /* Build configuration list for PBXProject "Attributor" */;
			compatibilityVersion = "Xcode 3.2";
			developmentRegion = English;
			hasScannedForEncodings = 0;
			knownRegions = (
				en,
				Base,
			);
			mainGroup = 3283DC4B1A19809D00330F3C;
			productRefGroup = 3283DC551A19809D00330F3C /* Products */;
			projectDirPath = "";
			projectRoot = "";
			targets = (
				3283DC531A19809D00330F3C /* Attributor */,
				3283DC6C1A19809D00330F3C /* AttributorTests */,
			);
		};
/* End PBXProject section */

/* Begin PBXResourcesBuildPhase section */
		3283DC521A19809D00330F3C /* Resources */ = {
			isa = PBXResourcesBuildPhase;
			buildActionMask = 2147483647;
			files = (
				3283DC631A19809D00330F3C /* Main.storyboard in Resources */,
				3283DC681A19809D00330F3C /* LaunchScreen.xib in Resources */,
				3283DC651A19809D00330F3C /* Images.xcassets in Resources */,
			);
			runOnlyForDeploymentPostprocessing = 0;
		};
		3283DC6B1A19809D00330F3C /* Resources */ = {
			isa = PBXResourcesBuildPhase;
			buildActionMask = 2147483647;
			files = (
			);
			runOnlyForDeploymentPostprocessing = 0;
		};
/* End PBXResourcesBuildPhase section */

/* Begin PBXSourcesBuildPhase section */
		3283DC501A19809D00330F3C /* Sources */ = {
			isa = PBXSourcesBuildPhase;
			buildActionMask = 2147483647;
			files = (
				3283DC601A19809D00330F3C /* ViewController.m in Sources */,
				3283DC5D1A19809D00330F3C /* AppDelegate.m in Sources */,
				3283DC5A1A19809D00330F3C /* main.m in Sources */,
			);
			runOnlyForDeploymentPostprocessing = 0;
		};
		3283DC691A19809D00330F3C /* Sources */ = {
			isa = PBXSourcesBuildPhase;
			buildActionMask = 2147483647;
			files = (
				3283DC741A19809D00330F3C /* AttributorTests.m in Sources */,
			);
			runOnlyForDeploymentPostprocessing = 0;
		};
/* End PBXSourcesBuildPhase section */

/* Begin PBXTargetDependency section */
		3283DC6F1A19809D00330F3C /* PBXTargetDependency */ = {
			isa = PBXTargetDependency;
			target = 3283DC531A19809D00330F3C /* Attributor */;
			targetProxy = 3283DC6E1A19809D00330F3C /* PBXContainerItemProxy */;
		};
/* End PBXTargetDependency section */

/* Begin PBXVariantGroup section */
		3283DC611A19809D00330F3C /* Main.storyboard */ = {
			isa = PBXVariantGroup;
			children = (
				3283DC621A19809D00330F3C /* Base */,
			);
			name = Main.storyboard;
			sourceTree = "<group>";
		};
		3283DC661A19809D00330F3C /* LaunchScreen.xib */ = {
			isa = PBXVariantGroup;
			children = (
				3283DC671A19809D00330F3C /* Base */,
			);
			name = LaunchScreen.xib;
			sourceTree = "<group>";
		};
/* End PBXVariantGroup section */

/* Begin XCBuildConfiguration section */
		3283DC751A19809D00330F3C /* Debug */ = {
			isa = XCBuildConfiguration;
			buildSettings = {
				ALWAYS_SEARCH_USER_PATHS = NO;
				CLANG_CXX_LANGUAGE_STANDARD = "gnu++0x";
				CLANG_CXX_LIBRARY = "libc++";
				CLANG_ENABLE_MODULES = YES;
				CLANG_ENABLE_OBJC_ARC = YES;
				CLANG_WARN_BOOL_CONVERSION = YES;
				CLANG_WARN_CONSTANT_CONVERSION = YES;
				CLANG_WARN_DIRECT_OBJC_ISA_USAGE = YES_ERROR;
				CLANG_WARN_EMPTY_BODY = YES;
				CLANG_WARN_ENUM_CONVERSION = YES;
				CLANG_WARN_INT_CONVERSION = YES;
				CLANG_WARN_OBJC_ROOT_CLASS = YES_ERROR;
				CLANG_WARN_UNREACHABLE_CODE = YES;
				CLANG_WARN__DUPLICATE_METHOD_MATCH = YES;
				"CODE_SIGN_IDENTITY[sdk=iphoneos*]" = "iPhone Developer";
				COPY_PHASE_STRIP = NO;
				ENABLE_STRICT_OBJC_MSGSEND = YES;
				GCC_C_LANGUAGE_STANDARD = gnu99;
				GCC_DYNAMIC_NO_PIC = NO;
				GCC_OPTIMIZATION_LEVEL = 0;
				GCC_PREPROCESSOR_DEFINITIONS = (
					"DEBUG=1",
					"$(inherited)",
				);
				GCC_SYMBOLS_PRIVATE_EXTERN = NO;
				GCC_WARN_64_TO_32_BIT_CONVERSION = YES;
				GCC_WARN_ABOUT_RETURN_TYPE = YES_ERROR;
				GCC_WARN_UNDECLARED_SELECTOR = YES;
				GCC_WARN_UNINITIALIZED_AUTOS = YES_AGGRESSIVE;
				GCC_WARN_UNUSED_FUNCTION = YES;
				GCC_WARN_UNUSED_VARIABLE = YES;
				IPHONEOS_DEPLOYMENT_TARGET = 8.1;
				MTL_ENABLE_DEBUG_INFO = YES;
				ONLY_ACTIVE_ARCH = YES;
				SDKROOT = iphoneos;
			};
			name = Debug;
		};
		3283DC761A19809D00330F3C /* Release */ = {
			isa = XCBuildConfiguration;
			buildSettings = {
				ALWAYS_SEARCH_USER_PATHS = NO;
				CLANG_CXX_LANGUAGE_STANDARD = "gnu++0x";
				CLANG_CXX_LIBRARY = "libc++";
				CLANG_ENABLE_MODULES = YES;
				CLANG_ENABLE_OBJC_ARC = YES;
				CLANG_WARN_BOOL_CONVERSION = YES;
				CLANG_WARN_CONSTANT_CONVERSION = YES;
				CLANG_WARN_DIRECT_OBJC_ISA_USAGE = YES_ERROR;
				CLANG_WARN_EMPTY_BODY = YES;
				CLANG_WARN_ENUM_CONVERSION = YES;
				CLANG_WARN_INT_CONVERSION = YES;
				CLANG_WARN_OBJC_ROOT_CLASS = YES_ERROR;
				CLANG_WARN_UNREACHABLE_CODE = YES;
				CLANG_WARN__DUPLICATE_METHOD_MATCH = YES;
				"CODE_SIGN_IDENTITY[sdk=iphoneos*]" = "iPhone Developer";
				COPY_PHASE_STRIP = YES;
				ENABLE_NS_ASSERTIONS = NO;
				ENABLE_STRICT_OBJC_MSGSEND = YES;
				GCC_C_LANGUAGE_STANDARD = gnu99;
				GCC_WARN_64_TO_32_BIT_CONVERSION = YES;
				GCC_WARN_ABOUT_RETURN_TYPE = YES_ERROR;
				GCC_WARN_UNDECLARED_SELECTOR = YES;
				GCC_WARN_UNINITIALIZED_AUTOS = YES_AGGRESSIVE;
				GCC_WARN_UNUSED_FUNCTION = YES;
				GCC_WARN_UNUSED_VARIABLE = YES;
				IPHONEOS_DEPLOYMENT_TARGET = 8.1;
				MTL_ENABLE_DEBUG_INFO = NO;
				SDKROOT = iphoneos;
				VALIDATE_PRODUCT = YES;
			};
			name = Release;
		};
		3283DC781A19809D00330F3C /* Debug */ = {
			isa = XCBuildConfiguration;
			buildSettings = {
				ASSETCATALOG_COMPILER_APPICON_NAME = AppIcon;
				INFOPLIST_FILE = Attributor/Info.plist;
				LD_RUNPATH_SEARCH_PATHS = "$(inherited) @executable_path/Frameworks";
				PRODUCT_NAME = "$(TARGET_NAME)";
			};
			name = Debug;
		};
		3283DC791A19809D00330F3C /* Release */ = {
			isa = XCBuildConfiguration;
			buildSettings = {
				ASSETCATALOG_COMPILER_APPICON_NAME = AppIcon;
				INFOPLIST_FILE = Attributor/Info.plist;
				LD_RUNPATH_SEARCH_PATHS = "$(inherited) @executable_path/Frameworks";
				PRODUCT_NAME = "$(TARGET_NAME)";
			};
			name = Release;
		};
		3283DC7B1A19809D00330F3C /* Debug */ = {
			isa = XCBuildConfiguration;
			buildSettings = {
				BUNDLE_LOADER = "$(TEST_HOST)";
				FRAMEWORK_SEARCH_PATHS = (
					"$(SDKROOT)/Developer/Library/Frameworks",
					"$(inherited)",
				);
				GCC_PREPROCESSOR_DEFINITIONS = (
					"DEBUG=1",
					"$(inherited)",
				);
				INFOPLIST_FILE = AttributorTests/Info.plist;
				LD_RUNPATH_SEARCH_PATHS = "$(inherited) @executable_path/Frameworks @loader_path/Frameworks";
				PRODUCT_NAME = "$(TARGET_NAME)";
				TEST_HOST = "$(BUILT_PRODUCTS_DIR)/Attributor.app/Attributor";
			};
			name = Debug;
		};
		3283DC7C1A19809D00330F3C /* Release */ = {
			isa = XCBuildConfiguration;
			buildSettings = {
				BUNDLE_LOADER = "$(TEST_HOST)";
				FRAMEWORK_SEARCH_PATHS = (
					"$(SDKROOT)/Developer/Library/Frameworks",
					"$(inherited)",
				);
				INFOPLIST_FILE = AttributorTests/Info.plist;
				LD_RUNPATH_SEARCH_PATHS = "$(inherited) @executable_path/Frameworks @loader_path/Frameworks";
				PRODUCT_NAME = "$(TARGET_NAME)";
				TEST_HOST = "$(BUILT_PRODUCTS_DIR)/Attributor.app/Attributor";
			};
			name = Release;
		};
/* End XCBuildConfiguration section */

/* Begin XCConfigurationList section */
		3283DC4F1A19809D00330F3C /* Build configuration list for PBXProject "Attributor" */ = {
			isa = XCConfigurationList;
			buildConfigurations = (
				3283DC751A19809D00330F3C /* Debug */,
				3283DC761A19809D00330F3C /* Release */,
			);
			defaultConfigurationIsVisible = 0;
			defaultConfigurationName = Release;
		};
		3283DC771A19809D00330F3C /* Build configuration list for PBXNativeTarget "Attributor" */ = {
			isa = XCConfigurationList;
			buildConfigurations = (
				3283DC781A19809D00330F3C /* Debug */,
				3283DC791A19809D00330F3C /* Release */,
			);
			defaultConfigurationIsVisible = 0;
		};
		3283DC7A1A19809D00330F3C /* Build configuration list for PBXNativeTarget "AttributorTests" */ = {
			isa = XCConfigurationList;
			buildConfigurations = (
				3283DC7B1A19809D00330F3C /* Debug */,
				3283DC7C1A19809D00330F3C /* Release */,
			);
			defaultConfigurationIsVisible = 0;
		};
/* End XCConfigurationList section */
	};
	rootObject = 3283DC4C1A19809D00330F3C /* Project object */;
}
